{
  "name": "markdown-it-pandoc",
  "version": "2.1.0",
  "lockfileVersion": 3,
  "requires": true,
  "packages": {
    "": {
      "name": "markdown-it-pandoc",
      "version": "2.1.0",
      "license": "MIT",
      "devDependencies": {
        "@types/markdown-it": "^12.0.3"
      }
    },
    "node_modules/@types/highlight.js": {
      "version": "9.12.4",
      "resolved": "https://registry.npmjs.org/@types/highlight.js/-/highlight.js-9.12.4.tgz",
      "integrity": "sha512-t2szdkwmg2JJyuCM20e8kR2X59WCE5Zkl4bzm1u1Oukjm79zpbiAv+QjnwLnuuV0WHEcX2NgUItu0pAMKuOPww==",
      "dev": true
    },
    "node_modules/@types/linkify-it": {
      "version": "3.0.2",
      "resolved": "https://registry.npmjs.org/@types/linkify-it/-/linkify-it-3.0.2.tgz",
      "integrity": "sha512-HZQYqbiFVWufzCwexrvh694SOim8z2d+xJl5UNamcvQFejLY/2YUtzXHYi3cHdI7PMlS8ejH2slRAOJQ32aNbA==",
      "dev": true
    },
    "node_modules/@types/markdown-it": {
      "version": "12.0.3",
      "resolved": "https://registry.npmjs.org/@types/markdown-it/-/markdown-it-12.0.3.tgz",
      "integrity": "sha512-MIhDl8e64vKJv3GX8irH5I/cNarX18edtdfg/+lbS92mArVl5VeaL4WKf8i06Zt2vsNuze2Vc8ELqrjoWO6hDQ==",
      "dev": true,
      "dependencies": {
        "@types/highlight.js": "^9.7.0",
        "@types/linkify-it": "*",
        "@types/mdurl": "*"
      }
    },
    "node_modules/@types/mdurl": {
      "version": "1.0.2",
      "resolved": "https://registry.npmjs.org/@types/mdurl/-/mdurl-1.0.2.tgz",
      "integrity": "sha512-eC4U9MlIcu2q0KQmXszyn5Akca/0jrQmwDRgpAMJai7qBWq4amIQhZyNau4VYGtCeALvW1/NtjzJJ567aZxfKA==",
      "dev": true
    }
  }
}
